// !$*UTF8*$!
{
	archiveVersion = 1;
	classes = {
	};
	objectVersion = 55;
	objects = {

/* Begin PBXBuildFile section */
		18D493D428BF4D1A00BE4447 /* AppDelegate.swift in Sources */ = {isa = PBXBuildFile; fileRef = 18D493D328BF4D1A00BE4447 /* AppDelegate.swift */; };
		18D493D628BF4D1A00BE4447 /* SceneDelegate.swift in Sources */ = {isa = PBXBuildFile; fileRef = 18D493D528BF4D1A00BE4447 /* SceneDelegate.swift */; };
		18D493DD28BF4D1C00BE4447 /* Assets.xcassets in Resources */ = {isa = PBXBuildFile; fileRef = 18D493DC28BF4D1C00BE4447 /* Assets.xcassets */; };
		18D493E828BF4DB400BE4447 /* MemoViewController.swift in Sources */ = {isa = PBXBuildFile; fileRef = 18D493E728BF4DB400BE4447 /* MemoViewController.swift */; };
		18D493F028BF4EBA00BE4447 /* BaseView.swift in Sources */ = {isa = PBXBuildFile; fileRef = 18D493EF28BF4EBA00BE4447 /* BaseView.swift */; };
		18D493F228BF4EBF00BE4447 /* BaseViewController.swift in Sources */ = {isa = PBXBuildFile; fileRef = 18D493F128BF4EBF00BE4447 /* BaseViewController.swift */; };
		18D493F428BF4F6100BE4447 /* MemoView.swift in Sources */ = {isa = PBXBuildFile; fileRef = 18D493F328BF4F6100BE4447 /* MemoView.swift */; };
		18D493F628BF508500BE4447 /* PopupView.swift in Sources */ = {isa = PBXBuildFile; fileRef = 18D493F528BF508500BE4447 /* PopupView.swift */; };
		18D493F828BF509900BE4447 /* PopupViewController.swift in Sources */ = {isa = PBXBuildFile; fileRef = 18D493F728BF509900BE4447 /* PopupViewController.swift */; };
		18D4940428BF52BB00BE4447 /* PopupLabel.swift in Sources */ = {isa = PBXBuildFile; fileRef = 18D4940328BF52BB00BE4447 /* PopupLabel.swift */; };
		18D4940628BF563400BE4447 /* UserDefaultsHelper.swift in Sources */ = {isa = PBXBuildFile; fileRef = 18D4940528BF563400BE4447 /* UserDefaultsHelper.swift */; };
		18D4940928BF742800BE4447 /* UserMemoModel.swift in Sources */ = {isa = PBXBuildFile; fileRef = 18D4940828BF742800BE4447 /* UserMemoModel.swift */; };
		18D4941028BF7E4400BE4447 /* BaseTableViewCell.swift in Sources */ = {isa = PBXBuildFile; fileRef = 18D4940F28BF7E4400BE4447 /* BaseTableViewCell.swift */; };
		18D4941428BF7E9900BE4447 /* Transition+Extension.swift in Sources */ = {isa = PBXBuildFile; fileRef = 18D4941328BF7E9900BE4447 /* Transition+Extension.swift */; };
		18D4941628BF7EB800BE4447 /* ReusableProtocol.swift in Sources */ = {isa = PBXBuildFile; fileRef = 18D4941528BF7EB800BE4447 /* ReusableProtocol.swift */; };
		18D4941A28BF823600BE4447 /* MemoTableViewCell.swift in Sources */ = {isa = PBXBuildFile; fileRef = 18D4941928BF823600BE4447 /* MemoTableViewCell.swift */; };
		18D4941C28BF863900BE4447 /* UserMemoRepository.swift in Sources */ = {isa = PBXBuildFile; fileRef = 18D4941B28BF863900BE4447 /* UserMemoRepository.swift */; };
		18D4942028BF97A700BE4447 /* Color.swift in Sources */ = {isa = PBXBuildFile; fileRef = 18D4941F28BF97A700BE4447 /* Color.swift */; };
		18D4942428BFA1E600BE4447 /* MemoWriteView.swift in Sources */ = {isa = PBXBuildFile; fileRef = 18D4942328BFA1E600BE4447 /* MemoWriteView.swift */; };
		18D4942628BFA1F300BE4447 /* MemoWriteViewController.swift in Sources */ = {isa = PBXBuildFile; fileRef = 18D4942528BFA1F300BE4447 /* MemoWriteViewController.swift */; };
		18D4943228C0AB2300BE4447 /* UIViewController+Extension.swift in Sources */ = {isa = PBXBuildFile; fileRef = 18D4943128C0AB2300BE4447 /* UIViewController+Extension.swift */; };
		18D4943C28C1634100BE4447 /* Realm in Frameworks */ = {isa = PBXBuildFile; productRef = 18D4943B28C1634100BE4447 /* Realm */; };
		18D4943E28C1634500BE4447 /* RealmSwift in Frameworks */ = {isa = PBXBuildFile; productRef = 18D4943D28C1634500BE4447 /* RealmSwift */; };
		18D4944028C1634900BE4447 /* SnapKit in Frameworks */ = {isa = PBXBuildFile; productRef = 18D4943F28C1634900BE4447 /* SnapKit */; };
/* End PBXBuildFile section */

/* Begin PBXFileReference section */
		18D493D028BF4D1A00BE4447 /* SeSAC2Memo.app */ = {isa = PBXFileReference; explicitFileType = wrapper.application; includeInIndex = 0; path = SeSAC2Memo.app; sourceTree = BUILT_PRODUCTS_DIR; };
		18D493D328BF4D1A00BE4447 /* AppDelegate.swift */ = {isa = PBXFileReference; lastKnownFileType = sourcecode.swift; path = AppDelegate.swift; sourceTree = "<group>"; };
		18D493D528BF4D1A00BE4447 /* SceneDelegate.swift */ = {isa = PBXFileReference; lastKnownFileType = sourcecode.swift; path = SceneDelegate.swift; sourceTree = "<group>"; };
		18D493DC28BF4D1C00BE4447 /* Assets.xcassets */ = {isa = PBXFileReference; lastKnownFileType = folder.assetcatalog; path = Assets.xcassets; sourceTree = "<group>"; };
		18D493E128BF4D1C00BE4447 /* Info.plist */ = {isa = PBXFileReference; lastKnownFileType = text.plist.xml; path = Info.plist; sourceTree = "<group>"; };
		18D493E728BF4DB400BE4447 /* MemoViewController.swift */ = {isa = PBXFileReference; lastKnownFileType = sourcecode.swift; path = MemoViewController.swift; sourceTree = "<group>"; };
		18D493EF28BF4EBA00BE4447 /* BaseView.swift */ = {isa = PBXFileReference; lastKnownFileType = sourcecode.swift; path = BaseView.swift; sourceTree = "<group>"; };
		18D493F128BF4EBF00BE4447 /* BaseViewController.swift */ = {isa = PBXFileReference; lastKnownFileType = sourcecode.swift; path = BaseViewController.swift; sourceTree = "<group>"; };
		18D493F328BF4F6100BE4447 /* MemoView.swift */ = {isa = PBXFileReference; lastKnownFileType = sourcecode.swift; path = MemoView.swift; sourceTree = "<group>"; };
		18D493F528BF508500BE4447 /* PopupView.swift */ = {isa = PBXFileReference; lastKnownFileType = sourcecode.swift; path = PopupView.swift; sourceTree = "<group>"; };
		18D493F728BF509900BE4447 /* PopupViewController.swift */ = {isa = PBXFileReference; lastKnownFileType = sourcecode.swift; path = PopupViewController.swift; sourceTree = "<group>"; };
		18D4940328BF52BB00BE4447 /* PopupLabel.swift */ = {isa = PBXFileReference; lastKnownFileType = sourcecode.swift; path = PopupLabel.swift; sourceTree = "<group>"; };
		18D4940528BF563400BE4447 /* UserDefaultsHelper.swift */ = {isa = PBXFileReference; lastKnownFileType = sourcecode.swift; path = UserDefaultsHelper.swift; sourceTree = "<group>"; };
		18D4940828BF742800BE4447 /* UserMemoModel.swift */ = {isa = PBXFileReference; lastKnownFileType = sourcecode.swift; path = UserMemoModel.swift; sourceTree = "<group>"; };
		18D4940F28BF7E4400BE4447 /* BaseTableViewCell.swift */ = {isa = PBXFileReference; lastKnownFileType = sourcecode.swift; path = BaseTableViewCell.swift; sourceTree = "<group>"; };
		18D4941328BF7E9900BE4447 /* Transition+Extension.swift */ = {isa = PBXFileReference; lastKnownFileType = sourcecode.swift; path = "Transition+Extension.swift"; sourceTree = "<group>"; };
		18D4941528BF7EB800BE4447 /* ReusableProtocol.swift */ = {isa = PBXFileReference; lastKnownFileType = sourcecode.swift; path = ReusableProtocol.swift; sourceTree = "<group>"; };
		18D4941928BF823600BE4447 /* MemoTableViewCell.swift */ = {isa = PBXFileReference; lastKnownFileType = sourcecode.swift; path = MemoTableViewCell.swift; sourceTree = "<group>"; };
		18D4941B28BF863900BE4447 /* UserMemoRepository.swift */ = {isa = PBXFileReference; lastKnownFileType = sourcecode.swift; path = UserMemoRepository.swift; sourceTree = "<group>"; };
		18D4941F28BF97A700BE4447 /* Color.swift */ = {isa = PBXFileReference; lastKnownFileType = sourcecode.swift; path = Color.swift; sourceTree = "<group>"; };
		18D4942328BFA1E600BE4447 /* MemoWriteView.swift */ = {isa = PBXFileReference; lastKnownFileType = sourcecode.swift; path = MemoWriteView.swift; sourceTree = "<group>"; };
		18D4942528BFA1F300BE4447 /* MemoWriteViewController.swift */ = {isa = PBXFileReference; lastKnownFileType = sourcecode.swift; path = MemoWriteViewController.swift; sourceTree = "<group>"; };
		18D4943128C0AB2300BE4447 /* UIViewController+Extension.swift */ = {isa = PBXFileReference; lastKnownFileType = sourcecode.swift; path = "UIViewController+Extension.swift"; sourceTree = "<group>"; };
/* End PBXFileReference section */

/* Begin PBXFrameworksBuildPhase section */
		18D493CD28BF4D1A00BE4447 /* Frameworks */ = {
			isa = PBXFrameworksBuildPhase;
			buildActionMask = 2147483647;
			files = (
				18D4944028C1634900BE4447 /* SnapKit in Frameworks */,
				18D4943E28C1634500BE4447 /* RealmSwift in Frameworks */,
				18D4943C28C1634100BE4447 /* Realm in Frameworks */,
			);
			runOnlyForDeploymentPostprocessing = 0;
		};
/* End PBXFrameworksBuildPhase section */

/* Begin PBXGroup section */
		18D493C728BF4D1A00BE4447 = {
			isa = PBXGroup;
			children = (
				18D493D228BF4D1A00BE4447 /* SeSAC2Memo */,
				18D493D128BF4D1A00BE4447 /* Products */,
				18D4943A28C1634100BE4447 /* Frameworks */,
			);
			sourceTree = "<group>";
		};
		18D493D128BF4D1A00BE4447 /* Products */ = {
			isa = PBXGroup;
			children = (
				18D493D028BF4D1A00BE4447 /* SeSAC2Memo.app */,
			);
			name = Products;
			sourceTree = "<group>";
		};
		18D493D228BF4D1A00BE4447 /* SeSAC2Memo */ = {
			isa = PBXGroup;
			children = (
				18D4940728BF741B00BE4447 /* Realm */,
				18D493ED28BF4E1100BE4447 /* Extenstion */,
				18D493EC28BF4DE000BE4447 /* Base */,
				18D493EB28BF4DD600BE4447 /* Constant */,
				18D493E928BF4DC400BE4447 /* Scene */,
				18D493D328BF4D1A00BE4447 /* AppDelegate.swift */,
				18D493D528BF4D1A00BE4447 /* SceneDelegate.swift */,
				18D493DC28BF4D1C00BE4447 /* Assets.xcassets */,
				18D493E128BF4D1C00BE4447 /* Info.plist */,
			);
			path = SeSAC2Memo;
			sourceTree = "<group>";
		};
		18D493E928BF4DC400BE4447 /* Scene */ = {
			isa = PBXGroup;
			children = (
				18D493F328BF4F6100BE4447 /* MemoView.swift */,
				18D4941928BF823600BE4447 /* MemoTableViewCell.swift */,
				18D493E728BF4DB400BE4447 /* MemoViewController.swift */,
				18D4942328BFA1E600BE4447 /* MemoWriteView.swift */,
				18D4942528BFA1F300BE4447 /* MemoWriteViewController.swift */,
				18D493F528BF508500BE4447 /* PopupView.swift */,
				18D493F728BF509900BE4447 /* PopupViewController.swift */,
			);
			path = Scene;
			sourceTree = "<group>";
		};
		18D493EB28BF4DD600BE4447 /* Constant */ = {
			isa = PBXGroup;
			children = (
				18D4941E28BF97A100BE4447 /* Color */,
				18D4940228BF52AF00BE4447 /* Label */,
				18D4940528BF563400BE4447 /* UserDefaultsHelper.swift */,
			);
			path = Constant;
			sourceTree = "<group>";
		};
		18D493EC28BF4DE000BE4447 /* Base */ = {
			isa = PBXGroup;
			children = (
				18D493EF28BF4EBA00BE4447 /* BaseView.swift */,
				18D493F128BF4EBF00BE4447 /* BaseViewController.swift */,
				18D4940F28BF7E4400BE4447 /* BaseTableViewCell.swift */,
			);
			path = Base;
			sourceTree = "<group>";
		};
		18D493ED28BF4E1100BE4447 /* Extenstion */ = {
			isa = PBXGroup;
			children = (
				18D4941328BF7E9900BE4447 /* Transition+Extension.swift */,
				18D4941528BF7EB800BE4447 /* ReusableProtocol.swift */,
				18D4943128C0AB2300BE4447 /* UIViewController+Extension.swift */,
			);
			path = Extenstion;
			sourceTree = "<group>";
		};
		18D4940228BF52AF00BE4447 /* Label */ = {
			isa = PBXGroup;
			children = (
				18D4940328BF52BB00BE4447 /* PopupLabel.swift */,
			);
			path = Label;
			sourceTree = "<group>";
		};
		18D4940728BF741B00BE4447 /* Realm */ = {
			isa = PBXGroup;
			children = (
				18D4940828BF742800BE4447 /* UserMemoModel.swift */,
				18D4941B28BF863900BE4447 /* UserMemoRepository.swift */,
			);
			path = Realm;
			sourceTree = "<group>";
		};
		18D4941E28BF97A100BE4447 /* Color */ = {
			isa = PBXGroup;
			children = (
				18D4941F28BF97A700BE4447 /* Color.swift */,
			);
			path = Color;
			sourceTree = "<group>";
		};
		18D4943A28C1634100BE4447 /* Frameworks */ = {
			isa = PBXGroup;
			children = (
			);
			name = Frameworks;
			sourceTree = "<group>";
		};
/* End PBXGroup section */

/* Begin PBXNativeTarget section */
		18D493CF28BF4D1A00BE4447 /* SeSAC2Memo */ = {
			isa = PBXNativeTarget;
			buildConfigurationList = 18D493E428BF4D1C00BE4447 /* Build configuration list for PBXNativeTarget "SeSAC2Memo" */;
			buildPhases = (
				18D493CC28BF4D1A00BE4447 /* Sources */,
				18D493CD28BF4D1A00BE4447 /* Frameworks */,
				18D493CE28BF4D1A00BE4447 /* Resources */,
			);
			buildRules = (
			);
			dependencies = (
			);
			name = SeSAC2Memo;
			packageProductDependencies = (
				18D4943B28C1634100BE4447 /* Realm */,
				18D4943D28C1634500BE4447 /* RealmSwift */,
				18D4943F28C1634900BE4447 /* SnapKit */,
			);
			productName = SeSAC2Memo;
			productReference = 18D493D028BF4D1A00BE4447 /* SeSAC2Memo.app */;
			productType = "com.apple.product-type.application";
		};
/* End PBXNativeTarget section */

/* Begin PBXProject section */
		18D493C828BF4D1A00BE4447 /* Project object */ = {
			isa = PBXProject;
			attributes = {
				BuildIndependentTargetsInParallel = 1;
				LastSwiftUpdateCheck = 1340;
				LastUpgradeCheck = 1340;
				TargetAttributes = {
					18D493CF28BF4D1A00BE4447 = {
						CreatedOnToolsVersion = 13.4.1;
					};
				};
			};
			buildConfigurationList = 18D493CB28BF4D1A00BE4447 /* Build configuration list for PBXProject "SeSAC2Memo" */;
			compatibilityVersion = "Xcode 13.0";
			developmentRegion = en;
			hasScannedForEncodings = 0;
			knownRegions = (
				en,
				Base,
			);
			mainGroup = 18D493C728BF4D1A00BE4447;
			packageReferences = (
				18D4943828C1620A00BE4447 /* XCRemoteSwiftPackageReference "realm-swift" */,
				18D4943928C1621600BE4447 /* XCRemoteSwiftPackageReference "SnapKit" */,
			);
			productRefGroup = 18D493D128BF4D1A00BE4447 /* Products */;
			projectDirPath = "";
			projectRoot = "";
			targets = (
				18D493CF28BF4D1A00BE4447 /* SeSAC2Memo */,
			);
		};
/* End PBXProject section */

/* Begin PBXResourcesBuildPhase section */
		18D493CE28BF4D1A00BE4447 /* Resources */ = {
			isa = PBXResourcesBuildPhase;
			buildActionMask = 2147483647;
			files = (
				18D493DD28BF4D1C00BE4447 /* Assets.xcassets in Resources */,
			);
			runOnlyForDeploymentPostprocessing = 0;
		};
/* End PBXResourcesBuildPhase section */

/* Begin PBXSourcesBuildPhase section */
		18D493CC28BF4D1A00BE4447 /* Sources */ = {
			isa = PBXSourcesBuildPhase;
			buildActionMask = 2147483647;
			files = (
				18D4941C28BF863900BE4447 /* UserMemoRepository.swift in Sources */,
				18D4940628BF563400BE4447 /* UserDefaultsHelper.swift in Sources */,
				18D493F628BF508500BE4447 /* PopupView.swift in Sources */,
				18D493F228BF4EBF00BE4447 /* BaseViewController.swift in Sources */,
				18D493D428BF4D1A00BE4447 /* AppDelegate.swift in Sources */,
				18D4941028BF7E4400BE4447 /* BaseTableViewCell.swift in Sources */,
				18D493D628BF4D1A00BE4447 /* SceneDelegate.swift in Sources */,
				18D4941428BF7E9900BE4447 /* Transition+Extension.swift in Sources */,
				18D493E828BF4DB400BE4447 /* MemoViewController.swift in Sources */,
				18D4941628BF7EB800BE4447 /* ReusableProtocol.swift in Sources */,
				18D4940928BF742800BE4447 /* UserMemoModel.swift in Sources */,
				18D4942428BFA1E600BE4447 /* MemoWriteView.swift in Sources */,
				18D4942028BF97A700BE4447 /* Color.swift in Sources */,
				18D4941A28BF823600BE4447 /* MemoTableViewCell.swift in Sources */,
				18D493F428BF4F6100BE4447 /* MemoView.swift in Sources */,
				18D4942628BFA1F300BE4447 /* MemoWriteViewController.swift in Sources */,
				18D4940428BF52BB00BE4447 /* PopupLabel.swift in Sources */,
				18D4943228C0AB2300BE4447 /* UIViewController+Extension.swift in Sources */,
				18D493F028BF4EBA00BE4447 /* BaseView.swift in Sources */,
				18D493F828BF509900BE4447 /* PopupViewController.swift in Sources */,
			);
			runOnlyForDeploymentPostprocessing = 0;
		};
/* End PBXSourcesBuildPhase section */

/* Begin XCBuildConfiguration section */
		18D493E228BF4D1C00BE4447 /* Debug */ = {
			isa = XCBuildConfiguration;
			buildSettings = {
				ALWAYS_SEARCH_USER_PATHS = NO;
				CLANG_ANALYZER_NONNULL = YES;
				CLANG_ANALYZER_NUMBER_OBJECT_CONVERSION = YES_AGGRESSIVE;
				CLANG_CXX_LANGUAGE_STANDARD = "gnu++17";
				CLANG_ENABLE_MODULES = YES;
				CLANG_ENABLE_OBJC_ARC = YES;
				CLANG_ENABLE_OBJC_WEAK = YES;
				CLANG_WARN_BLOCK_CAPTURE_AUTORELEASING = YES;
				CLANG_WARN_BOOL_CONVERSION = YES;
				CLANG_WARN_COMMA = YES;
				CLANG_WARN_CONSTANT_CONVERSION = YES;
				CLANG_WARN_DEPRECATED_OBJC_IMPLEMENTATIONS = YES;
				CLANG_WARN_DIRECT_OBJC_ISA_USAGE = YES_ERROR;
				CLANG_WARN_DOCUMENTATION_COMMENTS = YES;
				CLANG_WARN_EMPTY_BODY = YES;
				CLANG_WARN_ENUM_CONVERSION = YES;
				CLANG_WARN_INFINITE_RECURSION = YES;
				CLANG_WARN_INT_CONVERSION = YES;
				CLANG_WARN_NON_LITERAL_NULL_CONVERSION = YES;
				CLANG_WARN_OBJC_IMPLICIT_RETAIN_SELF = YES;
				CLANG_WARN_OBJC_LITERAL_CONVERSION = YES;
				CLANG_WARN_OBJC_ROOT_CLASS = YES_ERROR;
				CLANG_WARN_QUOTED_INCLUDE_IN_FRAMEWORK_HEADER = YES;
				CLANG_WARN_RANGE_LOOP_ANALYSIS = YES;
				CLANG_WARN_STRICT_PROTOTYPES = YES;
				CLANG_WARN_SUSPICIOUS_MOVE = YES;
				CLANG_WARN_UNGUARDED_AVAILABILITY = YES_AGGRESSIVE;
				CLANG_WARN_UNREACHABLE_CODE = YES;
				CLANG_WARN__DUPLICATE_METHOD_MATCH = YES;
				COPY_PHASE_STRIP = NO;
				DEBUG_INFORMATION_FORMAT = dwarf;
				ENABLE_STRICT_OBJC_MSGSEND = YES;
				ENABLE_TESTABILITY = YES;
				GCC_C_LANGUAGE_STANDARD = gnu11;
				GCC_DYNAMIC_NO_PIC = NO;
				GCC_NO_COMMON_BLOCKS = YES;
				GCC_OPTIMIZATION_LEVEL = 0;
				GCC_PREPROCESSOR_DEFINITIONS = (
					"DEBUG=1",
					"$(inherited)",
				);
				GCC_WARN_64_TO_32_BIT_CONVERSION = YES;
				GCC_WARN_ABOUT_RETURN_TYPE = YES_ERROR;
				GCC_WARN_UNDECLARED_SELECTOR = YES;
				GCC_WARN_UNINITIALIZED_AUTOS = YES_AGGRESSIVE;
				GCC_WARN_UNUSED_FUNCTION = YES;
				GCC_WARN_UNUSED_VARIABLE = YES;
				IPHONEOS_DEPLOYMENT_TARGET = 13.0;
				MTL_ENABLE_DEBUG_INFO = INCLUDE_SOURCE;
				MTL_FAST_MATH = YES;
				ONLY_ACTIVE_ARCH = YES;
				SDKROOT = iphoneos;
				SWIFT_ACTIVE_COMPILATION_CONDITIONS = DEBUG;
				SWIFT_OPTIMIZATION_LEVEL = "-Onone";
			};
			name = Debug;
		};
		18D493E328BF4D1C00BE4447 /* Release */ = {
			isa = XCBuildConfiguration;
			buildSettings = {
				ALWAYS_SEARCH_USER_PATHS = NO;
				CLANG_ANALYZER_NONNULL = YES;
				CLANG_ANALYZER_NUMBER_OBJECT_CONVERSION = YES_AGGRESSIVE;
				CLANG_CXX_LANGUAGE_STANDARD = "gnu++17";
				CLANG_ENABLE_MODULES = YES;
				CLANG_ENABLE_OBJC_ARC = YES;
				CLANG_ENABLE_OBJC_WEAK = YES;
				CLANG_WARN_BLOCK_CAPTURE_AUTORELEASING = YES;
				CLANG_WARN_BOOL_CONVERSION = YES;
				CLANG_WARN_COMMA = YES;
				CLANG_WARN_CONSTANT_CONVERSION = YES;
				CLANG_WARN_DEPRECATED_OBJC_IMPLEMENTATIONS = YES;
				CLANG_WARN_DIRECT_OBJC_ISA_USAGE = YES_ERROR;
				CLANG_WARN_DOCUMENTATION_COMMENTS = YES;
				CLANG_WARN_EMPTY_BODY = YES;
				CLANG_WARN_ENUM_CONVERSION = YES;
				CLANG_WARN_INFINITE_RECURSION = YES;
				CLANG_WARN_INT_CONVERSION = YES;
				CLANG_WARN_NON_LITERAL_NULL_CONVERSION = YES;
				CLANG_WARN_OBJC_IMPLICIT_RETAIN_SELF = YES;
				CLANG_WARN_OBJC_LITERAL_CONVERSION = YES;
				CLANG_WARN_OBJC_ROOT_CLASS = YES_ERROR;
				CLANG_WARN_QUOTED_INCLUDE_IN_FRAMEWORK_HEADER = YES;
				CLANG_WARN_RANGE_LOOP_ANALYSIS = YES;
				CLANG_WARN_STRICT_PROTOTYPES = YES;
				CLANG_WARN_SUSPICIOUS_MOVE = YES;
				CLANG_WARN_UNGUARDED_AVAILABILITY = YES_AGGRESSIVE;
				CLANG_WARN_UNREACHABLE_CODE = YES;
				CLANG_WARN__DUPLICATE_METHOD_MATCH = YES;
				COPY_PHASE_STRIP = NO;
				DEBUG_INFORMATION_FORMAT = "dwarf-with-dsym";
				ENABLE_NS_ASSERTIONS = NO;
				ENABLE_STRICT_OBJC_MSGSEND = YES;
				GCC_C_LANGUAGE_STANDARD = gnu11;
				GCC_NO_COMMON_BLOCKS = YES;
				GCC_WARN_64_TO_32_BIT_CONVERSION = YES;
				GCC_WARN_ABOUT_RETURN_TYPE = YES_ERROR;
				GCC_WARN_UNDECLARED_SELECTOR = YES;
				GCC_WARN_UNINITIALIZED_AUTOS = YES_AGGRESSIVE;
				GCC_WARN_UNUSED_FUNCTION = YES;
				GCC_WARN_UNUSED_VARIABLE = YES;
				IPHONEOS_DEPLOYMENT_TARGET = 13.0;
				MTL_ENABLE_DEBUG_INFO = NO;
				MTL_FAST_MATH = YES;
				SDKROOT = iphoneos;
				SWIFT_COMPILATION_MODE = wholemodule;
				SWIFT_OPTIMIZATION_LEVEL = "-O";
				VALIDATE_PRODUCT = YES;
			};
			name = Release;
		};
		18D493E528BF4D1C00BE4447 /* Debug */ = {
			isa = XCBuildConfiguration;
			buildSettings = {
				ASSETCATALOG_COMPILER_APPICON_NAME = AppIcon;
				ASSETCATALOG_COMPILER_GLOBAL_ACCENT_COLOR_NAME = AccentColor;
				CODE_SIGN_STYLE = Automatic;
				CURRENT_PROJECT_VERSION = 1;
				DEVELOPMENT_TEAM = UT362X937Q;
				GENERATE_INFOPLIST_FILE = YES;
				INFOPLIST_FILE = SeSAC2Memo/Info.plist;
				INFOPLIST_KEY_UIApplicationSupportsIndirectInputEvents = YES;
				INFOPLIST_KEY_UILaunchStoryboardName = LaunchScreen;
				INFOPLIST_KEY_UISupportedInterfaceOrientations_iPad = "UIInterfaceOrientationPortrait UIInterfaceOrientationPortraitUpsideDown UIInterfaceOrientationLandscapeLeft UIInterfaceOrientationLandscapeRight";
				INFOPLIST_KEY_UISupportedInterfaceOrientations_iPhone = "UIInterfaceOrientationPortrait UIInterfaceOrientationLandscapeLeft UIInterfaceOrientationLandscapeRight";
				LD_RUNPATH_SEARCH_PATHS = (
					"$(inherited)",
					"@executable_path/Frameworks",
				);
				MARKETING_VERSION = 1.0;
				PRODUCT_BUNDLE_IDENTIFIER = io.github.yyyng2.SeSAC2Memo;
				PRODUCT_NAME = "$(TARGET_NAME)";
				SWIFT_EMIT_LOC_STRINGS = YES;
				SWIFT_VERSION = 5.0;
				TARGETED_DEVICE_FAMILY = 1;
			};
			name = Debug;
		};
		18D493E628BF4D1C00BE4447 /* Release */ = {
			isa = XCBuildConfiguration;
			buildSettings = {
				ASSETCATALOG_COMPILER_APPICON_NAME = AppIcon;
				ASSETCATALOG_COMPILER_GLOBAL_ACCENT_COLOR_NAME = AccentColor;
				CODE_SIGN_STYLE = Automatic;
				CURRENT_PROJECT_VERSION = 1;
				DEVELOPMENT_TEAM = UT362X937Q;
				GENERATE_INFOPLIST_FILE = YES;
				INFOPLIST_FILE = SeSAC2Memo/Info.plist;
				INFOPLIST_KEY_UIApplicationSupportsIndirectInputEvents = YES;
				INFOPLIST_KEY_UILaunchStoryboardName = LaunchScreen;
				INFOPLIST_KEY_UISupportedInterfaceOrientations_iPad = "UIInterfaceOrientationPortrait UIInterfaceOrientationPortraitUpsideDown UIInterfaceOrientationLandscapeLeft UIInterfaceOrientationLandscapeRight";
				INFOPLIST_KEY_UISupportedInterfaceOrientations_iPhone = "UIInterfaceOrientationPortrait UIInterfaceOrientationLandscapeLeft UIInterfaceOrientationLandscapeRight";
				LD_RUNPATH_SEARCH_PATHS = (
					"$(inherited)",
					"@executable_path/Frameworks",
				);
				MARKETING_VERSION = 1.0;
				PRODUCT_BUNDLE_IDENTIFIER = io.github.yyyng2.SeSAC2Memo;
				PRODUCT_NAME = "$(TARGET_NAME)";
				SWIFT_EMIT_LOC_STRINGS = YES;
				SWIFT_VERSION = 5.0;
				TARGETED_DEVICE_FAMILY = 1;
			};
			name = Release;
		};
/* End XCBuildConfiguration section */

/* Begin XCConfigurationList section */
		18D493CB28BF4D1A00BE4447 /* Build configuration list for PBXProject "SeSAC2Memo" */ = {
			isa = XCConfigurationList;
			buildConfigurations = (
				18D493E228BF4D1C00BE4447 /* Debug */,
				18D493E328BF4D1C00BE4447 /* Release */,
			);
			defaultConfigurationIsVisible = 0;
			defaultConfigurationName = Release;
		};
		18D493E428BF4D1C00BE4447 /* Build configuration list for PBXNativeTarget "SeSAC2Memo" */ = {
			isa = XCConfigurationList;
			buildConfigurations = (
				18D493E528BF4D1C00BE4447 /* Debug */,
				18D493E628BF4D1C00BE4447 /* Release */,
			);
			defaultConfigurationIsVisible = 0;
			defaultConfigurationName = Release;
		};
/* End XCConfigurationList section */

/* Begin XCRemoteSwiftPackageReference section */
		18D4943828C1620A00BE4447 /* XCRemoteSwiftPackageReference "realm-swift" */ = {
			isa = XCRemoteSwiftPackageReference;
			repositoryURL = "https://github.com/realm/realm-swift.git";
			requirement = {
				kind = upToNextMajorVersion;
				minimumVersion = 10.0.0;
			};
		};
		18D4943928C1621600BE4447 /* XCRemoteSwiftPackageReference "SnapKit" */ = {
			isa = XCRemoteSwiftPackageReference;
			repositoryURL = "https://github.com/SnapKit/SnapKit.git";
			requirement = {
				kind = upToNextMajorVersion;
				minimumVersion = 5.0.0;
			};
		};
/* End XCRemoteSwiftPackageReference section */

/* Begin XCSwiftPackageProductDependency section */
		18D4943B28C1634100BE4447 /* Realm */ = {
			isa = XCSwiftPackageProductDependency;
			package = 18D4943828C1620A00BE4447 /* XCRemoteSwiftPackageReference "realm-swift" */;
			productName = Realm;
		};
		18D4943D28C1634500BE4447 /* RealmSwift */ = {
			isa = XCSwiftPackageProductDependency;
			package = 18D4943828C1620A00BE4447 /* XCRemoteSwiftPackageReference "realm-swift" */;
			productName = RealmSwift;
		};
		18D4943F28C1634900BE4447 /* SnapKit */ = {
			isa = XCSwiftPackageProductDependency;
			package = 18D4943928C1621600BE4447 /* XCRemoteSwiftPackageReference "SnapKit" */;
			productName = SnapKit;
		};
/* End XCSwiftPackageProductDependency section */
	};
	rootObject = 18D493C828BF4D1A00BE4447 /* Project object */;
}
